{
  "name": "miniprogram",
  "version": "1.0.0",
  "lockfileVersion": 2,
  "requires": true,
  "packages": {
    "": {
      "version": "1.0.0",
      "license": "ISC",
      "dependencies": {
        "weui-miniprogram": "^1.1.1"
      }
    },
    "node_modules/weui-miniprogram": {
      "version": "1.1.1",
      "resolved": "https://registry.nlark.com/weui-miniprogram/download/weui-miniprogram-1.1.1.tgz",
      "integrity": "sha1-nEhdNN2lOvLRB+fG6QmBc8h4Z1Y="
    }
  },
  "dependencies": {
    "weui-miniprogram": {
      "version": "1.1.1",
      "resolved": "https://registry.nlark.com/weui-miniprogram/download/weui-miniprogram-1.1.1.tgz",
      "integrity": "sha1-nEhdNN2lOvLRB+fG6QmBc8h4Z1Y="
    }
  }
}
